// !$*UTF8*$!
{
	archiveVersion = 1;
	classes = {
	};
	objectVersion = 50;
	objects = {

/* Begin PBXBuildFile section */
		26C5E80C27EA9DC900FA0187 /* AppDelegate.swift in Sources */ = {isa = PBXBuildFile; fileRef = 26C5E80B27EA9DC900FA0187 /* AppDelegate.swift */; };
		26C5E80E27EA9DC900FA0187 /* ViewController.swift in Sources */ = {isa = PBXBuildFile; fileRef = 26C5E80D27EA9DC900FA0187 /* ViewController.swift */; };
		26C5E81127EA9DCA00FA0187 /* Main.storyboard in Resources */ = {isa = PBXBuildFile; fileRef = 26C5E80F27EA9DCA00FA0187 /* Main.storyboard */; };
		26C5E81327EA9DCC00FA0187 /* Assets.xcassets in Resources */ = {isa = PBXBuildFile; fileRef = 26C5E81227EA9DCC00FA0187 /* Assets.xcassets */; };
		26C5E81627EA9DCC00FA0187 /* LaunchScreen.storyboard in Resources */ = {isa = PBXBuildFile; fileRef = 26C5E81427EA9DCC00FA0187 /* LaunchScreen.storyboard */; };
		26C5E82127EA9DCC00FA0187 /* Social_MediaTests.swift in Sources */ = {isa = PBXBuildFile; fileRef = 26C5E82027EA9DCC00FA0187 /* Social_MediaTests.swift */; };
		26C5E82C27EA9DCC00FA0187 /* Social_MediaUITests.swift in Sources */ = {isa = PBXBuildFile; fileRef = 26C5E82B27EA9DCC00FA0187 /* Social_MediaUITests.swift */; };
/* End PBXBuildFile section */

/* Begin PBXContainerItemProxy section */
		26C5E81D27EA9DCC00FA0187 /* PBXContainerItemProxy */ = {
			isa = PBXContainerItemProxy;
			containerPortal = 26C5E80027EA9DC900FA0187 /* Project object */;
			proxyType = 1;
			remoteGlobalIDString = 26C5E80727EA9DC900FA0187;
			remoteInfo = Social_Media;
		};
		26C5E82827EA9DCC00FA0187 /* PBXContainerItemProxy */ = {
			isa = PBXContainerItemProxy;
			containerPortal = 26C5E80027EA9DC900FA0187 /* Project object */;
			proxyType = 1;
			remoteGlobalIDString = 26C5E80727EA9DC900FA0187;
			remoteInfo = Social_Media;
		};
/* End PBXContainerItemProxy section */

/* Begin PBXFileReference section */
		26C5E80827EA9DC900FA0187 /* Social_Media.app */ = {isa = PBXFileReference; explicitFileType = wrapper.application; includeInIndex = 0; path = Social_Media.app; sourceTree = BUILT_PRODUCTS_DIR; };
		26C5E80B27EA9DC900FA0187 /* AppDelegate.swift */ = {isa = PBXFileReference; lastKnownFileType = sourcecode.swift; path = AppDelegate.swift; sourceTree = "<group>"; };
		26C5E80D27EA9DC900FA0187 /* ViewController.swift */ = {isa = PBXFileReference; lastKnownFileType = sourcecode.swift; path = ViewController.swift; sourceTree = "<group>"; };
		26C5E81027EA9DCA00FA0187 /* Base */ = {isa = PBXFileReference; lastKnownFileType = file.storyboard; name = Base; path = Base.lproj/Main.storyboard; sourceTree = "<group>"; };
		26C5E81227EA9DCC00FA0187 /* Assets.xcassets */ = {isa = PBXFileReference; lastKnownFileType = folder.assetcatalog; path = Assets.xcassets; sourceTree = "<group>"; };
		26C5E81527EA9DCC00FA0187 /* Base */ = {isa = PBXFileReference; lastKnownFileType = file.storyboard; name = Base; path = Base.lproj/LaunchScreen.storyboard; sourceTree = "<group>"; };
		26C5E81727EA9DCC00FA0187 /* Info.plist */ = {isa = PBXFileReference; lastKnownFileType = text.plist.xml; path = Info.plist; sourceTree = "<group>"; };
		26C5E81C27EA9DCC00FA0187 /* Social_MediaTests.xctest */ = {isa = PBXFileReference; explicitFileType = wrapper.cfbundle; includeInIndex = 0; path = Social_MediaTests.xctest; sourceTree = BUILT_PRODUCTS_DIR; };
		26C5E82027EA9DCC00FA0187 /* Social_MediaTests.swift */ = {isa = PBXFileReference; lastKnownFileType = sourcecode.swift; path = Social_MediaTests.swift; sourceTree = "<group>"; };
		26C5E82227EA9DCC00FA0187 /* Info.plist */ = {isa = PBXFileReference; lastKnownFileType = text.plist.xml; path = Info.plist; sourceTree = "<group>"; };
		26C5E82727EA9DCC00FA0187 /* Social_MediaUITests.xctest */ = {isa = PBXFileReference; explicitFileType = wrapper.cfbundle; includeInIndex = 0; path = Social_MediaUITests.xctest; sourceTree = BUILT_PRODUCTS_DIR; };
		26C5E82B27EA9DCC00FA0187 /* Social_MediaUITests.swift */ = {isa = PBXFileReference; lastKnownFileType = sourcecode.swift; path = Social_MediaUITests.swift; sourceTree = "<group>"; };
		26C5E82D27EA9DCC00FA0187 /* Info.plist */ = {isa = PBXFileReference; lastKnownFileType = text.plist.xml; path = Info.plist; sourceTree = "<group>"; };
/* End PBXFileReference section */

/* Begin PBXFrameworksBuildPhase section */
		26C5E80527EA9DC900FA0187 /* Frameworks */ = {
			isa = PBXFrameworksBuildPhase;
			buildActionMask = 2147483647;
			files = (
			);
			runOnlyForDeploymentPostprocessing = 0;
		};
		26C5E81927EA9DCC00FA0187 /* Frameworks */ = {
			isa = PBXFrameworksBuildPhase;
			buildActionMask = 2147483647;
			files = (
			);
			runOnlyForDeploymentPostprocessing = 0;
		};
		26C5E82427EA9DCC00FA0187 /* Frameworks */ = {
			isa = PBXFrameworksBuildPhase;
			buildActionMask = 2147483647;
			files = (
			);
			runOnlyForDeploymentPostprocessing = 0;
		};
/* End PBXFrameworksBuildPhase section */

/* Begin PBXGroup section */
		26C5E7FF27EA9DC900FA0187 = {
			isa = PBXGroup;
			children = (
				26C5E80A27EA9DC900FA0187 /* Social_Media */,
				26C5E81F27EA9DCC00FA0187 /* Social_MediaTests */,
				26C5E82A27EA9DCC00FA0187 /* Social_MediaUITests */,
				26C5E80927EA9DC900FA0187 /* Products */,
			);
			sourceTree = "<group>";
		};
		26C5E80927EA9DC900FA0187 /* Products */ = {
			isa = PBXGroup;
			children = (
				26C5E80827EA9DC900FA0187 /* Social_Media.app */,
				26C5E81C27EA9DCC00FA0187 /* Social_MediaTests.xctest */,
				26C5E82727EA9DCC00FA0187 /* Social_MediaUITests.xctest */,
			);
			name = Products;
			sourceTree = "<group>";
		};
		26C5E80A27EA9DC900FA0187 /* Social_Media */ = {
			isa = PBXGroup;
			children = (
				26C5E80B27EA9DC900FA0187 /* AppDelegate.swift */,
				26C5E80D27EA9DC900FA0187 /* ViewController.swift */,
				26C5E80F27EA9DCA00FA0187 /* Main.storyboard */,
				26C5E81227EA9DCC00FA0187 /* Assets.xcassets */,
				26C5E81427EA9DCC00FA0187 /* LaunchScreen.storyboard */,
				26C5E81727EA9DCC00FA0187 /* Info.plist */,
			);
			path = Social_Media;
			sourceTree = "<group>";
		};
		26C5E81F27EA9DCC00FA0187 /* Social_MediaTests */ = {
			isa = PBXGroup;
			children = (
				26C5E82027EA9DCC00FA0187 /* Social_MediaTests.swift */,
				26C5E82227EA9DCC00FA0187 /* Info.plist */,
			);
			path = Social_MediaTests;
			sourceTree = "<group>";
		};
		26C5E82A27EA9DCC00FA0187 /* Social_MediaUITests */ = {
			isa = PBXGroup;
			children = (
				26C5E82B27EA9DCC00FA0187 /* Social_MediaUITests.swift */,
				26C5E82D27EA9DCC00FA0187 /* Info.plist */,
			);
			path = Social_MediaUITests;
			sourceTree = "<group>";
		};
/* End PBXGroup section */

/* Begin PBXNativeTarget section */
		26C5E80727EA9DC900FA0187 /* Social_Media */ = {
			isa = PBXNativeTarget;
			buildConfigurationList = 26C5E83027EA9DCC00FA0187 /* Build configuration list for PBXNativeTarget "Social_Media" */;
			buildPhases = (
				26C5E80427EA9DC900FA0187 /* Sources */,
				26C5E80527EA9DC900FA0187 /* Frameworks */,
				26C5E80627EA9DC900FA0187 /* Resources */,
			);
			buildRules = (
			);
			dependencies = (
			);
			name = Social_Media;
			productName = Social_Media;
			productReference = 26C5E80827EA9DC900FA0187 /* Social_Media.app */;
			productType = "com.apple.product-type.application";
		};
		26C5E81B27EA9DCC00FA0187 /* Social_MediaTests */ = {
			isa = PBXNativeTarget;
			buildConfigurationList = 26C5E83327EA9DCC00FA0187 /* Build configuration list for PBXNativeTarget "Social_MediaTests" */;
			buildPhases = (
				26C5E81827EA9DCC00FA0187 /* Sources */,
				26C5E81927EA9DCC00FA0187 /* Frameworks */,
				26C5E81A27EA9DCC00FA0187 /* Resources */,
			);
			buildRules = (
			);
			dependencies = (
				26C5E81E27EA9DCC00FA0187 /* PBXTargetDependency */,
			);
			name = Social_MediaTests;
			productName = Social_MediaTests;
			productReference = 26C5E81C27EA9DCC00FA0187 /* Social_MediaTests.xctest */;
			productType = "com.apple.product-type.bundle.unit-test";
		};
		26C5E82627EA9DCC00FA0187 /* Social_MediaUITests */ = {
			isa = PBXNativeTarget;
			buildConfigurationList = 26C5E83627EA9DCC00FA0187 /* Build configuration list for PBXNativeTarget "Social_MediaUITests" */;
			buildPhases = (
				26C5E82327EA9DCC00FA0187 /* Sources */,
				26C5E82427EA9DCC00FA0187 /* Frameworks */,
				26C5E82527EA9DCC00FA0187 /* Resources */,
			);
			buildRules = (
			);
			dependencies = (
				26C5E82927EA9DCC00FA0187 /* PBXTargetDependency */,
			);
			name = Social_MediaUITests;
			productName = Social_MediaUITests;
			productReference = 26C5E82727EA9DCC00FA0187 /* Social_MediaUITests.xctest */;
			productType = "com.apple.product-type.bundle.ui-testing";
		};
/* End PBXNativeTarget section */

/* Begin PBXProject section */
		26C5E80027EA9DC900FA0187 /* Project object */ = {
			isa = PBXProject;
			attributes = {
				LastSwiftUpdateCheck = 1010;
				LastUpgradeCheck = 1010;
				ORGANIZATIONNAME = "Lamar Gillespie";
				TargetAttributes = {
					26C5E80727EA9DC900FA0187 = {
						CreatedOnToolsVersion = 10.1;
					};
					26C5E81B27EA9DCC00FA0187 = {
						CreatedOnToolsVersion = 10.1;
						TestTargetID = 26C5E80727EA9DC900FA0187;
					};
					26C5E82627EA9DCC00FA0187 = {
						CreatedOnToolsVersion = 10.1;
						TestTargetID = 26C5E80727EA9DC900FA0187;
					};
				};
			};
			buildConfigurationList = 26C5E80327EA9DC900FA0187 /* Build configuration list for PBXProject "Social_Media" */;
			compatibilityVersion = "Xcode 9.3";
			developmentRegion = en;
			hasScannedForEncodings = 0;
			knownRegions = (
				en,
				Base,
			);
			mainGroup = 26C5E7FF27EA9DC900FA0187;
			productRefGroup = 26C5E80927EA9DC900FA0187 /* Products */;
			projectDirPath = "";
			projectRoot = "";
			targets = (
				26C5E80727EA9DC900FA0187 /* Social_Media */,
				26C5E81B27EA9DCC00FA0187 /* Social_MediaTests */,
				26C5E82627EA9DCC00FA0187 /* Social_MediaUITests */,
			);
		};
/* End PBXProject section */

/* Begin PBXResourcesBuildPhase section */
		26C5E80627EA9DC900FA0187 /* Resources */ = {
			isa = PBXResourcesBuildPhase;
			buildActionMask = 2147483647;
			files = (
				26C5E81627EA9DCC00FA0187 /* LaunchScreen.storyboard in Resources */,
				26C5E81327EA9DCC00FA0187 /* Assets.xcassets in Resources */,
				26C5E81127EA9DCA00FA0187 /* Main.storyboard in Resources */,
			);
			runOnlyForDeploymentPostprocessing = 0;
		};
		26C5E81A27EA9DCC00FA0187 /* Resources */ = {
			isa = PBXResourcesBuildPhase;
			buildActionMask = 2147483647;
			files = (
			);
			runOnlyForDeploymentPostprocessing = 0;
		};
		26C5E82527EA9DCC00FA0187 /* Resources */ = {
			isa = PBXResourcesBuildPhase;
			buildActionMask = 2147483647;
			files = (
			);
			runOnlyForDeploymentPostprocessing = 0;
		};
/* End PBXResourcesBuildPhase section */

/* Begin PBXSourcesBuildPhase section */
		26C5E80427EA9DC900FA0187 /* Sources */ = {
			isa = PBXSourcesBuildPhase;
			buildActionMask = 2147483647;
			files = (
				26C5E80E27EA9DC900FA0187 /* ViewController.swift in Sources */,
				26C5E80C27EA9DC900FA0187 /* AppDelegate.swift in Sources */,
			);
			runOnlyForDeploymentPostprocessing = 0;
		};
		26C5E81827EA9DCC00FA0187 /* Sources */ = {
			isa = PBXSourcesBuildPhase;
			buildActionMask = 2147483647;
			files = (
				26C5E82127EA9DCC00FA0187 /* Social_MediaTests.swift in Sources */,
			);
			runOnlyForDeploymentPostprocessing = 0;
		};
		26C5E82327EA9DCC00FA0187 /* Sources */ = {
			isa = PBXSourcesBuildPhase;
			buildActionMask = 2147483647;
			files = (
				26C5E82C27EA9DCC00FA0187 /* Social_MediaUITests.swift in Sources */,
			);
			runOnlyForDeploymentPostprocessing = 0;
		};
/* End PBXSourcesBuildPhase section */

/* Begin PBXTargetDependency section */
		26C5E81E27EA9DCC00FA0187 /* PBXTargetDependency */ = {
			isa = PBXTargetDependency;
			target = 26C5E80727EA9DC900FA0187 /* Social_Media */;
			targetProxy = 26C5E81D27EA9DCC00FA0187 /* PBXContainerItemProxy */;
		};
		26C5E82927EA9DCC00FA0187 /* PBXTargetDependency */ = {
			isa = PBXTargetDependency;
			target = 26C5E80727EA9DC900FA0187 /* Social_Media */;
			targetProxy = 26C5E82827EA9DCC00FA0187 /* PBXContainerItemProxy */;
		};
/* End PBXTargetDependency section */

/* Begin PBXVariantGroup section */
		26C5E80F27EA9DCA00FA0187 /* Main.storyboard */ = {
			isa = PBXVariantGroup;
			children = (
				26C5E81027EA9DCA00FA0187 /* Base */,
			);
			name = Main.storyboard;
			sourceTree = "<group>";
		};
		26C5E81427EA9DCC00FA0187 /* LaunchScreen.storyboard */ = {
			isa = PBXVariantGroup;
			children = (
				26C5E81527EA9DCC00FA0187 /* Base */,
			);
			name = LaunchScreen.storyboard;
			sourceTree = "<group>";
		};
/* End PBXVariantGroup section */

/* Begin XCBuildConfiguration section */
		26C5E82E27EA9DCC00FA0187 /* Debug */ = {
			isa = XCBuildConfiguration;
			buildSettings = {
				ALWAYS_SEARCH_USER_PATHS = NO;
				CLANG_ANALYZER_NONNULL = YES;
				CLANG_ANALYZER_NUMBER_OBJECT_CONVERSION = YES_AGGRESSIVE;
				CLANG_CXX_LANGUAGE_STANDARD = "gnu++14";
				CLANG_CXX_LIBRARY = "libc++";
				CLANG_ENABLE_MODULES = YES;
				CLANG_ENABLE_OBJC_ARC = YES;
				CLANG_ENABLE_OBJC_WEAK = YES;
				CLANG_WARN_BLOCK_CAPTURE_AUTORELEASING = YES;
				CLANG_WARN_BOOL_CONVERSION = YES;
				CLANG_WARN_COMMA = YES;
				CLANG_WARN_CONSTANT_CONVERSION = YES;
				CLANG_WARN_DEPRECATED_OBJC_IMPLEMENTATIONS = YES;
				CLANG_WARN_DIRECT_OBJC_ISA_USAGE = YES_ERROR;
				CLANG_WARN_DOCUMENTATION_COMMENTS = YES;
				CLANG_WARN_EMPTY_BODY = YES;
				CLANG_WARN_ENUM_CONVERSION = YES;
				CLANG_WARN_INFINITE_RECURSION = YES;
				CLANG_WARN_INT_CONVERSION = YES;
				CLANG_WARN_NON_LITERAL_NULL_CONVERSION = YES;
				CLANG_WARN_OBJC_IMPLICIT_RETAIN_SELF = YES;
				CLANG_WARN_OBJC_LITERAL_CONVERSION = YES;
				CLANG_WARN_OBJC_ROOT_CLASS = YES_ERROR;
				CLANG_WARN_RANGE_LOOP_ANALYSIS = YES;
				CLANG_WARN_STRICT_PROTOTYPES = YES;
				CLANG_WARN_SUSPICIOUS_MOVE = YES;
				CLANG_WARN_UNGUARDED_AVAILABILITY = YES_AGGRESSIVE;
				CLANG_WARN_UNREACHABLE_CODE = YES;
				CLANG_WARN__DUPLICATE_METHOD_MATCH = YES;
				CODE_SIGN_IDENTITY = "iPhone Developer";
				COPY_PHASE_STRIP = NO;
				DEBUG_INFORMATION_FORMAT = dwarf;
				ENABLE_STRICT_OBJC_MSGSEND = YES;
				ENABLE_TESTABILITY = YES;
				GCC_C_LANGUAGE_STANDARD = gnu11;
				GCC_DYNAMIC_NO_PIC = NO;
				GCC_NO_COMMON_BLOCKS = YES;
				GCC_OPTIMIZATION_LEVEL = 0;
				GCC_PREPROCESSOR_DEFINITIONS = (
					"DEBUG=1",
					"$(inherited)",
				);
				GCC_WARN_64_TO_32_BIT_CONVERSION = YES;
				GCC_WARN_ABOUT_RETURN_TYPE = YES_ERROR;
				GCC_WARN_UNDECLARED_SELECTOR = YES;
				GCC_WARN_UNINITIALIZED_AUTOS = YES_AGGRESSIVE;
				GCC_WARN_UNUSED_FUNCTION = YES;
				GCC_WARN_UNUSED_VARIABLE = YES;
				IPHONEOS_DEPLOYMENT_TARGET = 12.1;
				MTL_ENABLE_DEBUG_INFO = INCLUDE_SOURCE;
				MTL_FAST_MATH = YES;
				ONLY_ACTIVE_ARCH = YES;
				SDKROOT = iphoneos;
				SWIFT_ACTIVE_COMPILATION_CONDITIONS = DEBUG;
				SWIFT_OPTIMIZATION_LEVEL = "-Onone";
			};
			name = Debug;
		};
		26C5E82F27EA9DCC00FA0187 /* Release */ = {
			isa = XCBuildConfiguration;
			buildSettings = {
				ALWAYS_SEARCH_USER_PATHS = NO;
				CLANG_ANALYZER_NONNULL = YES;
				CLANG_ANALYZER_NUMBER_OBJECT_CONVERSION = YES_AGGRESSIVE;
				CLANG_CXX_LANGUAGE_STANDARD = "gnu++14";
				CLANG_CXX_LIBRARY = "libc++";
				CLANG_ENABLE_MODULES = YES;
				CLANG_ENABLE_OBJC_ARC = YES;
				CLANG_ENABLE_OBJC_WEAK = YES;
				CLANG_WARN_BLOCK_CAPTURE_AUTORELEASING = YES;
				CLANG_WARN_BOOL_CONVERSION = YES;
				CLANG_WARN_COMMA = YES;
				CLANG_WARN_CONSTANT_CONVERSION = YES;
				CLANG_WARN_DEPRECATED_OBJC_IMPLEMENTATIONS = YES;
				CLANG_WARN_DIRECT_OBJC_ISA_USAGE = YES_ERROR;
				CLANG_WARN_DOCUMENTATION_COMMENTS = YES;
				CLANG_WARN_EMPTY_BODY = YES;
				CLANG_WARN_ENUM_CONVERSION = YES;
				CLANG_WARN_INFINITE_RECURSION = YES;
				CLANG_WARN_INT_CONVERSION = YES;
				CLANG_WARN_NON_LITERAL_NULL_CONVERSION = YES;
				CLANG_WARN_OBJC_IMPLICIT_RETAIN_SELF = YES;
				CLANG_WARN_OBJC_LITERAL_CONVERSION = YES;
				CLANG_WARN_OBJC_ROOT_CLASS = YES_ERROR;
				CLANG_WARN_RANGE_LOOP_ANALYSIS = YES;
				CLANG_WARN_STRICT_PROTOTYPES = YES;
				CLANG_WARN_SUSPICIOUS_MOVE = YES;
				CLANG_WARN_UNGUARDED_AVAILABILITY = YES_AGGRESSIVE;
				CLANG_WARN_UNREACHABLE_CODE = YES;
				CLANG_WARN__DUPLICATE_METHOD_MATCH = YES;
				CODE_SIGN_IDENTITY = "iPhone Developer";
				COPY_PHASE_STRIP = NO;
				DEBUG_INFORMATION_FORMAT = "dwarf-with-dsym";
				ENABLE_NS_ASSERTIONS = NO;
				ENABLE_STRICT_OBJC_MSGSEND = YES;
				GCC_C_LANGUAGE_STANDARD = gnu11;
				GCC_NO_COMMON_BLOCKS = YES;
				GCC_WARN_64_TO_32_BIT_CONVERSION = YES;
				GCC_WARN_ABOUT_RETURN_TYPE = YES_ERROR;
				GCC_WARN_UNDECLARED_SELECTOR = YES;
				GCC_WARN_UNINITIALIZED_AUTOS = YES_AGGRESSIVE;
				GCC_WARN_UNUSED_FUNCTION = YES;
				GCC_WARN_UNUSED_VARIABLE = YES;
				IPHONEOS_DEPLOYMENT_TARGET = 12.1;
				MTL_ENABLE_DEBUG_INFO = NO;
				MTL_FAST_MATH = YES;
				SDKROOT = iphoneos;
				SWIFT_COMPILATION_MODE = wholemodule;
				SWIFT_OPTIMIZATION_LEVEL = "-O";
				VALIDATE_PRODUCT = YES;
			};
			name = Release;
		};
		26C5E83127EA9DCC00FA0187 /* Debug */ = {
			isa = XCBuildConfiguration;
			buildSettings = {
				ASSETCATALOG_COMPILER_APPICON_NAME = AppIcon;
				CODE_SIGN_STYLE = Automatic;
				DEVELOPMENT_TEAM = G22SKH3NPF;
				INFOPLIST_FILE = Social_Media/Info.plist;
				LD_RUNPATH_SEARCH_PATHS = (
					"$(inherited)",
					"@executable_path/Frameworks",
				);
				PRODUCT_BUNDLE_IDENTIFIER = "Gill.Automations.Social-Media";
				PRODUCT_NAME = "$(TARGET_NAME)";
				SWIFT_VERSION = 4.2;
				TARGETED_DEVICE_FAMILY = "1,2";
			};
			name = Debug;
		};
		26C5E83227EA9DCC00FA0187 /* Release */ = {
			isa = XCBuildConfiguration;
			buildSettings = {
				ASSETCATALOG_COMPILER_APPICON_NAME = AppIcon;
				CODE_SIGN_STYLE = Automatic;
				DEVELOPMENT_TEAM = G22SKH3NPF;
				INFOPLIST_FILE = Social_Media/Info.plist;
				LD_RUNPATH_SEARCH_PATHS = (
					"$(inherited)",
					"@executable_path/Frameworks",
				);
				PRODUCT_BUNDLE_IDENTIFIER = "Gill.Automations.Social-Media";
				PRODUCT_NAME = "$(TARGET_NAME)";
				SWIFT_VERSION = 4.2;
				TARGETED_DEVICE_FAMILY = "1,2";
			};
			name = Release;
		};
		26C5E83427EA9DCC00FA0187 /* Debug */ = {
			isa = XCBuildConfiguration;
			buildSettings = {
				ALWAYS_EMBED_SWIFT_STANDARD_LIBRARIES = YES;
				BUNDLE_LOADER = "$(TEST_HOST)";
				CODE_SIGN_STYLE = Automatic;
				INFOPLIST_FILE = Social_MediaTests/Info.plist;
				LD_RUNPATH_SEARCH_PATHS = (
					"$(inherited)",
					"@executable_path/Frameworks",
					"@loader_path/Frameworks",
				);
				PRODUCT_BUNDLE_IDENTIFIER = "Gill.Automations.Social-MediaTests";
				PRODUCT_NAME = "$(TARGET_NAME)";
				SWIFT_VERSION = 4.2;
				TARGETED_DEVICE_FAMILY = "1,2";
				TEST_HOST = "$(BUILT_PRODUCTS_DIR)/Social_Media.app/Social_Media";
			};
			name = Debug;
		};
		26C5E83527EA9DCC00FA0187 /* Release */ = {
			isa = XCBuildConfiguration;
			buildSettings = {
				ALWAYS_EMBED_SWIFT_STANDARD_LIBRARIES = YES;
				BUNDLE_LOADER = "$(TEST_HOST)";
				CODE_SIGN_STYLE = Automatic;
				INFOPLIST_FILE = Social_MediaTests/Info.plist;
				LD_RUNPATH_SEARCH_PATHS = (
					"$(inherited)",
					"@executable_path/Frameworks",
					"@loader_path/Frameworks",
				);
				PRODUCT_BUNDLE_IDENTIFIER = "Gill.Automations.Social-MediaTests";
				PRODUCT_NAME = "$(TARGET_NAME)";
				SWIFT_VERSION = 4.2;
				TARGETED_DEVICE_FAMILY = "1,2";
				TEST_HOST = "$(BUILT_PRODUCTS_DIR)/Social_Media.app/Social_Media";
			};
			name = Release;
		};
		26C5E83727EA9DCC00FA0187 /* Debug */ = {
			isa = XCBuildConfiguration;
			buildSettings = {
				ALWAYS_EMBED_SWIFT_STANDARD_LIBRARIES = YES;
				CODE_SIGN_STYLE = Automatic;
				INFOPLIST_FILE = Social_MediaUITests/Info.plist;
				LD_RUNPATH_SEARCH_PATHS = (
					"$(inherited)",
					"@executable_path/Frameworks",
					"@loader_path/Frameworks",
				);
				PRODUCT_BUNDLE_IDENTIFIER = "Gill.Automations.Social-MediaUITests";
				PRODUCT_NAME = "$(TARGET_NAME)";
				SWIFT_VERSION = 4.2;
				TARGETED_DEVICE_FAMILY = "1,2";
				TEST_TARGET_NAME = Social_Media;
			};
			name = Debug;
		};
		26C5E83827EA9DCC00FA0187 /* Release */ = {
			isa = XCBuildConfiguration;
			buildSettings = {
				ALWAYS_EMBED_SWIFT_STANDARD_LIBRARIES = YES;
				CODE_SIGN_STYLE = Automatic;
				INFOPLIST_FILE = Social_MediaUITests/Info.plist;
				LD_RUNPATH_SEARCH_PATHS = (
					"$(inherited)",
					"@executable_path/Frameworks",
					"@loader_path/Frameworks",
				);
				PRODUCT_BUNDLE_IDENTIFIER = "Gill.Automations.Social-MediaUITests";
				PRODUCT_NAME = "$(TARGET_NAME)";
				SWIFT_VERSION = 4.2;
				TARGETED_DEVICE_FAMILY = "1,2";
				TEST_TARGET_NAME = Social_Media;
			};
			name = Release;
		};
/* End XCBuildConfiguration section */

/* Begin XCConfigurationList section */
		26C5E80327EA9DC900FA0187 /* Build configuration list for PBXProject "Social_Media" */ = {
			isa = XCConfigurationList;
			buildConfigurations = (
				26C5E82E27EA9DCC00FA0187 /* Debug */,
				26C5E82F27EA9DCC00FA0187 /* Release */,
			);
			defaultConfigurationIsVisible = 0;
			defaultConfigurationName = Release;
		};
		26C5E83027EA9DCC00FA0187 /* Build configuration list for PBXNativeTarget "Social_Media" */ = {
			isa = XCConfigurationList;
			buildConfigurations = (
				26C5E83127EA9DCC00FA0187 /* Debug */,
				26C5E83227EA9DCC00FA0187 /* Release */,
			);
			defaultConfigurationIsVisible = 0;
			defaultConfigurationName = Release;
		};
		26C5E83327EA9DCC00FA0187 /* Build configuration list for PBXNativeTarget "Social_MediaTests" */ = {
			isa = XCConfigurationList;
			buildConfigurations = (
				26C5E83427EA9DCC00FA0187 /* Debug */,
				26C5E83527EA9DCC00FA0187 /* Release */,
			);
			defaultConfigurationIsVisible = 0;
			defaultConfigurationName = Release;
		};
		26C5E83627EA9DCC00FA0187 /* Build configuration list for PBXNativeTarget "Social_MediaUITests" */ = {
			isa = XCConfigurationList;
			buildConfigurations = (
				26C5E83727EA9DCC00FA0187 /* Debug */,
				26C5E83827EA9DCC00FA0187 /* Release */,
			);
			defaultConfigurationIsVisible = 0;
			defaultConfigurationName = Release;
		};
/* End XCConfigurationList section */
	};
	rootObject = 26C5E80027EA9DC900FA0187 /* Project object */;
}
